
Microsoft Visual Studio Solution File, Format Version 12.00
# Visual Studio Version 17
VisualStudioVersion = 17.7.34024.191
MinimumVisualStudioVersion = 10.0.40219.1
Project("{8BC9CEB8-8B4A-11D0-8D11-00A0C91BC942}") = "slldeletion", "slldeletion.vcxproj", "{17F9D1D7-FA91-400F-AF29-A2692A931753}"
EndProject
Global
	GlobalSection(SolutionConfigurationPlatforms) = preSolution
		Debug|x64 = Debug|x64
		Debug|x86 = Debug|x86
		Release|x64 = Release|x64
		Release|x86 = Release|x86
	EndGlobalSection
	GlobalSection(ProjectConfigurationPlatforms) = postSolution
		{17F9D1D7-FA91-400F-AF29-A2692A931753}.Debug|x64.ActiveCfg = Debug|x64
		{17F9D1D7-FA91-400F-AF29-A2692A931753}.Debug|x64.Build.0 = Debug|x64
		{17F9D1D7-FA91-400F-AF29-A2692A931753}.Debug|x86.ActiveCfg = Debug|Win32
		{17F9D1D7-FA91-400F-AF29-A2692A931753}.Debug|x86.Build.0 = Debug|Win32
		{17F9D1D7-FA91-400F-AF29-A2692A931753}.Release|x64.ActiveCfg = Release|x64
		{17F9D1D7-FA91-400F-AF29-A2692A931753}.Release|x64.Build.0 = Release|x64
		{17F9D1D7-FA91-400F-AF29-A2692A931753}.Release|x86.ActiveCfg = Release|Win32
		{17F9D1D7-FA91-400F-AF29-A2692A931753}.Release|x86.Build.0 = Release|Win32
	EndGlobalSection
	GlobalSection(SolutionProperties) = preSolution
		HideSolutionNode = FALSE
	EndGlobalSection
	GlobalSection(ExtensibilityGlobals) = postSolution
		SolutionGuid = {9CCC94AC-D6E2-4B18-A6DF-A78F0E2DD815}
	EndGlobalSection
EndGlobal
